
Microsoft Visual Studio Solution File, Format Version 12.00
# Visual Studio 14
VisualStudioVersion = 14.0.25420.1
MinimumVisualStudioVersion = 10.0.40219.1
Project("{FAE04EC0-301F-11D3-BF4B-00C04F79EFBC}") = "DataAccessLevel", "DataAccessLevel\DataAccessLevel.csproj", "{B0D6B4DF-5754-4B4E-A113-B08A663DBAEC}"
EndProject
Project("{FAE04EC0-301F-11D3-BF4B-00C04F79EFBC}") = "BuisnessLogicLevel", "BuisnessLogicLevel\BuisnessLogicLevel.csproj", "{C1F25DB6-25B1-42A4-8FD2-D0A2D426DA63}"
EndProject
Global
	GlobalSection(SolutionConfigurationPlatforms) = preSolution
		Debug|Any CPU = Debug|Any CPU
		Release|Any CPU = Release|Any CPU
	EndGlobalSection
	GlobalSection(ProjectConfigurationPlatforms) = postSolution
		{B0D6B4DF-5754-4B4E-A113-B08A663DBAEC}.Debug|Any CPU.ActiveCfg = Debug|Any CPU
		{B0D6B4DF-5754-4B4E-A113-B08A663DBAEC}.Debug|Any CPU.Build.0 = Debug|Any CPU
		{B0D6B4DF-5754-4B4E-A113-B08A663DBAEC}.Release|Any CPU.ActiveCfg = Release|Any CPU
		{B0D6B4DF-5754-4B4E-A113-B08A663DBAEC}.Release|Any CPU.Build.0 = Release|Any CPU
		{C1F25DB6-25B1-42A4-8FD2-D0A2D426DA63}.Debug|Any CPU.ActiveCfg = Debug|Any CPU
		{C1F25DB6-25B1-42A4-8FD2-D0A2D426DA63}.Debug|Any CPU.Build.0 = Debug|Any CPU
		{C1F25DB6-25B1-42A4-8FD2-D0A2D426DA63}.Release|Any CPU.ActiveCfg = Release|Any CPU
		{C1F25DB6-25B1-42A4-8FD2-D0A2D426DA63}.Release|Any CPU.Build.0 = Release|Any CPU
	EndGlobalSection
	GlobalSection(SolutionProperties) = preSolution
		HideSolutionNode = FALSE
	EndGlobalSection
EndGlobal
